
Microsoft Visual Studio Solution File, Format Version 12.00
# Visual Studio Version 16
VisualStudioVersion = 16.0.29613.14
MinimumVisualStudioVersion = 10.0.40219.1
Project("{FAE04EC0-301F-11D3-BF4B-00C04F79EFBC}") = "Wpf_Palashicheva_PR6", "Wpf_Palashicheva_PR6.csproj", "{7B4AF331-7C96-480A-9F2E-2CD659A69527}"
EndProject
Global
	GlobalSection(SolutionConfigurationPlatforms) = preSolution
		Debug|Any CPU = Debug|Any CPU
		Release|Any CPU = Release|Any CPU
	EndGlobalSection
	GlobalSection(ProjectConfigurationPlatforms) = postSolution
		{7B4AF331-7C96-480A-9F2E-2CD659A69527}.Debug|Any CPU.ActiveCfg = Debug|Any CPU
		{7B4AF331-7C96-480A-9F2E-2CD659A69527}.Debug|Any CPU.Build.0 = Debug|Any CPU
		{7B4AF331-7C96-480A-9F2E-2CD659A69527}.Release|Any CPU.ActiveCfg = Release|Any CPU
		{7B4AF331-7C96-480A-9F2E-2CD659A69527}.Release|Any CPU.Build.0 = Release|Any CPU
	EndGlobalSection
	GlobalSection(SolutionProperties) = preSolution
		HideSolutionNode = FALSE
	EndGlobalSection
	GlobalSection(ExtensibilityGlobals) = postSolution
		SolutionGuid = {0DDAFD3C-15C8-4C6D-A342-3ECBE833C371}
	EndGlobalSection
EndGlobal
